// !$*UTF8*$!
{
	archiveVersion = 1;
	classes = {
	};
	objectVersion = 46;
	objects = {

/* Begin PBXBuildFile section */
		EC2BF4AE1DF9F485005D37DA /* backgroundPokemon.jpg in Resources */ = {isa = PBXBuildFile; fileRef = EC2BF4AB1DF9F485005D37DA /* backgroundPokemon.jpg */; };
		EC2BF4AF1DF9F485005D37DA /* backgroundTypes.jpg in Resources */ = {isa = PBXBuildFile; fileRef = EC2BF4AC1DF9F485005D37DA /* backgroundTypes.jpg */; };
		EC2BF4B01DF9F485005D37DA /* launchScreen.jpg in Resources */ = {isa = PBXBuildFile; fileRef = EC2BF4AD1DF9F485005D37DA /* launchScreen.jpg */; };
		EC2BF4B51DF9F48D005D37DA /* pagePokeSection.png in Resources */ = {isa = PBXBuildFile; fileRef = EC2BF4B21DF9F48D005D37DA /* pagePokeSection.png */; };
		EC2BF4B61DF9F48D005D37DA /* pagePokeTxt.png in Resources */ = {isa = PBXBuildFile; fileRef = EC2BF4B31DF9F48D005D37DA /* pagePokeTxt.png */; };
		EC2BF4B71DF9F48D005D37DA /* pageTypesSection.png in Resources */ = {isa = PBXBuildFile; fileRef = EC2BF4B41DF9F48D005D37DA /* pageTypesSection.png */; };
		EC2BF4BB1DF9F49C005D37DA /* Pokemon Hollow.ttf in Resources */ = {isa = PBXBuildFile; fileRef = EC2BF4B91DF9F49C005D37DA /* Pokemon Hollow.ttf */; };
		EC2BF4BC1DF9F49C005D37DA /* Pokemon Solid.ttf in Resources */ = {isa = PBXBuildFile; fileRef = EC2BF4BA1DF9F49C005D37DA /* Pokemon Solid.ttf */; };
		EC2BF4BE1DF9F4BB005D37DA /* Launch Screen.storyboard in Resources */ = {isa = PBXBuildFile; fileRef = EC2BF4BD1DF9F4BB005D37DA /* Launch Screen.storyboard */; };
		EC2BF4D51DF9F8CF005D37DA /* type-normal.png in Resources */ = {isa = PBXBuildFile; fileRef = EC2BF4C01DF9F8CF005D37DA /* type-normal.png */; };
		EC2BF4D61DF9F8CF005D37DA /* type-fighting.png in Resources */ = {isa = PBXBuildFile; fileRef = EC2BF4C11DF9F8CF005D37DA /* type-fighting.png */; };
		EC2BF4D71DF9F8CF005D37DA /* type-flying.png in Resources */ = {isa = PBXBuildFile; fileRef = EC2BF4C21DF9F8CF005D37DA /* type-flying.png */; };
		EC2BF4D81DF9F8CF005D37DA /* type-poison.png in Resources */ = {isa = PBXBuildFile; fileRef = EC2BF4C31DF9F8CF005D37DA /* type-poison.png */; };
		EC2BF4D91DF9F8CF005D37DA /* type-ground.png in Resources */ = {isa = PBXBuildFile; fileRef = EC2BF4C41DF9F8CF005D37DA /* type-ground.png */; };
		EC2BF4DA1DF9F8CF005D37DA /* type-rock.png in Resources */ = {isa = PBXBuildFile; fileRef = EC2BF4C51DF9F8CF005D37DA /* type-rock.png */; };
		EC2BF4DB1DF9F8CF005D37DA /* type-bug.png in Resources */ = {isa = PBXBuildFile; fileRef = EC2BF4C61DF9F8CF005D37DA /* type-bug.png */; };
		EC2BF4DC1DF9F8CF005D37DA /* type-ghost.png in Resources */ = {isa = PBXBuildFile; fileRef = EC2BF4C71DF9F8CF005D37DA /* type-ghost.png */; };
		EC2BF4DD1DF9F8CF005D37DA /* type-steel.png in Resources */ = {isa = PBXBuildFile; fileRef = EC2BF4C81DF9F8CF005D37DA /* type-steel.png */; };
		EC2BF4DE1DF9F8CF005D37DA /* type-fire.png in Resources */ = {isa = PBXBuildFile; fileRef = EC2BF4C91DF9F8CF005D37DA /* type-fire.png */; };
		EC2BF4DF1DF9F8CF005D37DA /* type-water.png in Resources */ = {isa = PBXBuildFile; fileRef = EC2BF4CA1DF9F8CF005D37DA /* type-water.png */; };
		EC2BF4E01DF9F8CF005D37DA /* type-grass.png in Resources */ = {isa = PBXBuildFile; fileRef = EC2BF4CB1DF9F8CF005D37DA /* type-grass.png */; };
		EC2BF4E11DF9F8CF005D37DA /* type-electric.png in Resources */ = {isa = PBXBuildFile; fileRef = EC2BF4CC1DF9F8CF005D37DA /* type-electric.png */; };
		EC2BF4E21DF9F8CF005D37DA /* type-psychic.png in Resources */ = {isa = PBXBuildFile; fileRef = EC2BF4CD1DF9F8CF005D37DA /* type-psychic.png */; };
		EC2BF4E31DF9F8CF005D37DA /* type-ice.png in Resources */ = {isa = PBXBuildFile; fileRef = EC2BF4CE1DF9F8CF005D37DA /* type-ice.png */; };
		EC2BF4E41DF9F8CF005D37DA /* type-dragon.png in Resources */ = {isa = PBXBuildFile; fileRef = EC2BF4CF1DF9F8CF005D37DA /* type-dragon.png */; };
		EC2BF4E51DF9F8CF005D37DA /* type-dark.png in Resources */ = {isa = PBXBuildFile; fileRef = EC2BF4D01DF9F8CF005D37DA /* type-dark.png */; };
		EC2BF4E61DF9F8CF005D37DA /* type-fairy.png in Resources */ = {isa = PBXBuildFile; fileRef = EC2BF4D11DF9F8CF005D37DA /* type-fairy.png */; };
		EC2BF4E71DF9F8CF005D37DA /* type-unknown.png in Resources */ = {isa = PBXBuildFile; fileRef = EC2BF4D21DF9F8CF005D37DA /* type-unknown.png */; };
		EC2BF4E81DF9F8CF005D37DA /* type-shadow.png in Resources */ = {isa = PBXBuildFile; fileRef = EC2BF4D31DF9F8CF005D37DA /* type-shadow.png */; };
		EC2BF4E91DF9F8CF005D37DA /* type-none.png in Resources */ = {isa = PBXBuildFile; fileRef = EC2BF4D41DF9F8CF005D37DA /* type-none.png */; };
		EC2BF4ED1DF9F943005D37DA /* typesPage-62.png in Resources */ = {isa = PBXBuildFile; fileRef = EC2BF4EC1DF9F943005D37DA /* typesPage-62.png */; };
		EC2BF4F31DF9FA16005D37DA /* Intro.swift in Sources */ = {isa = PBXBuildFile; fileRef = EC2BF4F21DF9FA15005D37DA /* Intro.swift */; };
		EC2BF4F71DFA007D005D37DA /* titre_v2.png in Resources */ = {isa = PBXBuildFile; fileRef = EC2BF4F61DFA007D005D37DA /* titre_v2.png */; };
		EC2BF4F91DFA03BD005D37DA /* interface-04.png in Resources */ = {isa = PBXBuildFile; fileRef = EC2BF4F81DFA03BD005D37DA /* interface-04.png */; };
		EC2BF4FB1DFA03C3005D37DA /* interface-07.png in Resources */ = {isa = PBXBuildFile; fileRef = EC2BF4FA1DFA03C3005D37DA /* interface-07.png */; };
		EC2BF5021DFA07C6005D37DA /* interface-13.png in Resources */ = {isa = PBXBuildFile; fileRef = EC2BF5001DFA07C6005D37DA /* interface-13.png */; };
		EC2BF5031DFA07C6005D37DA /* interface-14.png in Resources */ = {isa = PBXBuildFile; fileRef = EC2BF5011DFA07C6005D37DA /* interface-14.png */; };
		EC2BF5051DFA0A81005D37DA /* ViewController.swift in Sources */ = {isa = PBXBuildFile; fileRef = EC2BF5041DFA0A81005D37DA /* ViewController.swift */; };
		EC2BF5091DFA0AA4005D37DA /* PokemonTableViewCell.swift in Sources */ = {isa = PBXBuildFile; fileRef = EC2BF5061DFA0AA4005D37DA /* PokemonTableViewCell.swift */; };
		EC2BF50A1DFA0AA4005D37DA /* listeTypeViewController.swift in Sources */ = {isa = PBXBuildFile; fileRef = EC2BF5071DFA0AA4005D37DA /* listeTypeViewController.swift */; };
		EC2BF50B1DFA0AA4005D37DA /* TypeCollectionViewCell.swift in Sources */ = {isa = PBXBuildFile; fileRef = EC2BF5081DFA0AA4005D37DA /* TypeCollectionViewCell.swift */; };
		EC2BF5201DFA0BDE005D37DA /* listeType-normal.png in Resources */ = {isa = PBXBuildFile; fileRef = EC2BF50C1DFA0BDE005D37DA /* listeType-normal.png */; };
		EC2BF5211DFA0BDE005D37DA /* listeType-fighting.png in Resources */ = {isa = PBXBuildFile; fileRef = EC2BF50D1DFA0BDE005D37DA /* listeType-fighting.png */; };
		EC2BF5221DFA0BDE005D37DA /* listeType-flying.png in Resources */ = {isa = PBXBuildFile; fileRef = EC2BF50E1DFA0BDE005D37DA /* listeType-flying.png */; };
		EC2BF5231DFA0BDE005D37DA /* listeType-poison.png in Resources */ = {isa = PBXBuildFile; fileRef = EC2BF50F1DFA0BDE005D37DA /* listeType-poison.png */; };
		EC2BF5241DFA0BDE005D37DA /* listeType-ground.png in Resources */ = {isa = PBXBuildFile; fileRef = EC2BF5101DFA0BDE005D37DA /* listeType-ground.png */; };
		EC2BF5251DFA0BDE005D37DA /* listeType-rock.png in Resources */ = {isa = PBXBuildFile; fileRef = EC2BF5111DFA0BDE005D37DA /* listeType-rock.png */; };
		EC2BF5261DFA0BDE005D37DA /* listeType-bug.png in Resources */ = {isa = PBXBuildFile; fileRef = EC2BF5121DFA0BDE005D37DA /* listeType-bug.png */; };
		EC2BF5271DFA0BDE005D37DA /* listeType-ghost.png in Resources */ = {isa = PBXBuildFile; fileRef = EC2BF5131DFA0BDE005D37DA /* listeType-ghost.png */; };
		EC2BF5281DFA0BDE005D37DA /* listeType-steel.png in Resources */ = {isa = PBXBuildFile; fileRef = EC2BF5141DFA0BDE005D37DA /* listeType-steel.png */; };
		EC2BF5291DFA0BDE005D37DA /* listeType-fire.png in Resources */ = {isa = PBXBuildFile; fileRef = EC2BF5151DFA0BDE005D37DA /* listeType-fire.png */; };
		EC2BF52A1DFA0BDE005D37DA /* listeType-water.png in Resources */ = {isa = PBXBuildFile; fileRef = EC2BF5161DFA0BDE005D37DA /* listeType-water.png */; };
		EC2BF52B1DFA0BDE005D37DA /* listeType-grass.png in Resources */ = {isa = PBXBuildFile; fileRef = EC2BF5171DFA0BDE005D37DA /* listeType-grass.png */; };
		EC2BF52C1DFA0BDE005D37DA /* listeType-electric.png in Resources */ = {isa = PBXBuildFile; fileRef = EC2BF5181DFA0BDE005D37DA /* listeType-electric.png */; };
		EC2BF52D1DFA0BDE005D37DA /* listeType-psychic.png in Resources */ = {isa = PBXBuildFile; fileRef = EC2BF5191DFA0BDE005D37DA /* listeType-psychic.png */; };
		EC2BF52E1DFA0BDE005D37DA /* listeType-ice.png in Resources */ = {isa = PBXBuildFile; fileRef = EC2BF51A1DFA0BDE005D37DA /* listeType-ice.png */; };
		EC2BF52F1DFA0BDE005D37DA /* listeType-dragon.png in Resources */ = {isa = PBXBuildFile; fileRef = EC2BF51B1DFA0BDE005D37DA /* listeType-dragon.png */; };
		EC2BF5301DFA0BDE005D37DA /* listeType-dark.png in Resources */ = {isa = PBXBuildFile; fileRef = EC2BF51C1DFA0BDE005D37DA /* listeType-dark.png */; };
		EC2BF5311DFA0BDE005D37DA /* listeType-fairy.png in Resources */ = {isa = PBXBuildFile; fileRef = EC2BF51D1DFA0BDE005D37DA /* listeType-fairy.png */; };
		EC2BF5321DFA0BDE005D37DA /* listeType-unknown.png in Resources */ = {isa = PBXBuildFile; fileRef = EC2BF51E1DFA0BDE005D37DA /* listeType-unknown.png */; };
		EC2BF5331DFA0BDE005D37DA /* listeType-shadow.png in Resources */ = {isa = PBXBuildFile; fileRef = EC2BF51F1DFA0BDE005D37DA /* listeType-shadow.png */; };
		EC2BF5481DFA0C91005D37DA /* typesPage-normal.png in Resources */ = {isa = PBXBuildFile; fileRef = EC2BF5341DFA0C91005D37DA /* typesPage-normal.png */; };
		EC2BF5491DFA0C91005D37DA /* typesPage-fighting.png in Resources */ = {isa = PBXBuildFile; fileRef = EC2BF5351DFA0C91005D37DA /* typesPage-fighting.png */; };
		EC2BF54A1DFA0C91005D37DA /* typesPage-flying.png in Resources */ = {isa = PBXBuildFile; fileRef = EC2BF5361DFA0C91005D37DA /* typesPage-flying.png */; };
		EC2BF54B1DFA0C91005D37DA /* typesPage-poison.png in Resources */ = {isa = PBXBuildFile; fileRef = EC2BF5371DFA0C91005D37DA /* typesPage-poison.png */; };
		EC2BF54C1DFA0C91005D37DA /* typesPage-ground.png in Resources */ = {isa = PBXBuildFile; fileRef = EC2BF5381DFA0C91005D37DA /* typesPage-ground.png */; };
		EC2BF54D1DFA0C91005D37DA /* typesPage-rock.png in Resources */ = {isa = PBXBuildFile; fileRef = EC2BF5391DFA0C91005D37DA /* typesPage-rock.png */; };
		EC2BF54E1DFA0C91005D37DA /* typesPage-bug.png in Resources */ = {isa = PBXBuildFile; fileRef = EC2BF53A1DFA0C91005D37DA /* typesPage-bug.png */; };
		EC2BF54F1DFA0C91005D37DA /* typesPage-ghost.png in Resources */ = {isa = PBXBuildFile; fileRef = EC2BF53B1DFA0C91005D37DA /* typesPage-ghost.png */; };
		EC2BF5501DFA0C91005D37DA /* typesPage-steel.png in Resources */ = {isa = PBXBuildFile; fileRef = EC2BF53C1DFA0C91005D37DA /* typesPage-steel.png */; };
		EC2BF5511DFA0C91005D37DA /* typesPage-fire.png in Resources */ = {isa = PBXBuildFile; fileRef = EC2BF53D1DFA0C91005D37DA /* typesPage-fire.png */; };
		EC2BF5521DFA0C91005D37DA /* typesPage-water.png in Resources */ = {isa = PBXBuildFile; fileRef = EC2BF53E1DFA0C91005D37DA /* typesPage-water.png */; };
		EC2BF5531DFA0C91005D37DA /* typesPage-grass.png in Resources */ = {isa = PBXBuildFile; fileRef = EC2BF53F1DFA0C91005D37DA /* typesPage-grass.png */; };
		EC2BF5541DFA0C91005D37DA /* typesPage-electric.png in Resources */ = {isa = PBXBuildFile; fileRef = EC2BF5401DFA0C91005D37DA /* typesPage-electric.png */; };
		EC2BF5551DFA0C91005D37DA /* typesPage-psychic.png in Resources */ = {isa = PBXBuildFile; fileRef = EC2BF5411DFA0C91005D37DA /* typesPage-psychic.png */; };
		EC2BF5561DFA0C91005D37DA /* typesPage-ice.png in Resources */ = {isa = PBXBuildFile; fileRef = EC2BF5421DFA0C91005D37DA /* typesPage-ice.png */; };
		EC2BF5571DFA0C91005D37DA /* typesPage-dragon.png in Resources */ = {isa = PBXBuildFile; fileRef = EC2BF5431DFA0C91005D37DA /* typesPage-dragon.png */; };
		EC2BF5581DFA0C91005D37DA /* typesPage-dark.png in Resources */ = {isa = PBXBuildFile; fileRef = EC2BF5441DFA0C91005D37DA /* typesPage-dark.png */; };
		EC2BF5591DFA0C91005D37DA /* typesPage-fairy.png in Resources */ = {isa = PBXBuildFile; fileRef = EC2BF5451DFA0C91005D37DA /* typesPage-fairy.png */; };
		EC2BF55A1DFA0C91005D37DA /* typesPage-unkown.png in Resources */ = {isa = PBXBuildFile; fileRef = EC2BF5461DFA0C91005D37DA /* typesPage-unkown.png */; };
		EC2BF55B1DFA0C91005D37DA /* typesPage-shadow.png in Resources */ = {isa = PBXBuildFile; fileRef = EC2BF5471DFA0C91005D37DA /* typesPage-shadow.png */; };
		EC5EBA261E01F2B700FED6B3 /* Main.storyboard in Resources */ = {isa = PBXBuildFile; fileRef = EC5EBA241E01F2B700FED6B3 /* Main.storyboard */; };
		EC6179B51DF0B34700AB21F9 /* interface-01.png in Resources */ = {isa = PBXBuildFile; fileRef = EC6179A91DF0B34700AB21F9 /* interface-01.png */; };
		EC6179B61DF0B34700AB21F9 /* interface-02.png in Resources */ = {isa = PBXBuildFile; fileRef = EC6179AA1DF0B34700AB21F9 /* interface-02.png */; };
		EC6179B71DF0B34700AB21F9 /* interface-03.png in Resources */ = {isa = PBXBuildFile; fileRef = EC6179AB1DF0B34700AB21F9 /* interface-03.png */; };
		EC6179B91DF0B34700AB21F9 /* interface-05.png in Resources */ = {isa = PBXBuildFile; fileRef = EC6179AD1DF0B34700AB21F9 /* interface-05.png */; };
		EC6179BA1DF0B34700AB21F9 /* interface-06.png in Resources */ = {isa = PBXBuildFile; fileRef = EC6179AE1DF0B34700AB21F9 /* interface-06.png */; };
		EC6179BC1DF0B34700AB21F9 /* interface-08.png in Resources */ = {isa = PBXBuildFile; fileRef = EC6179B01DF0B34700AB21F9 /* interface-08.png */; };
		EC6179BD1DF0B34700AB21F9 /* interface-09.png in Resources */ = {isa = PBXBuildFile; fileRef = EC6179B11DF0B34700AB21F9 /* interface-09.png */; };
		EC6179BE1DF0B34700AB21F9 /* interface-10.png in Resources */ = {isa = PBXBuildFile; fileRef = EC6179B21DF0B34700AB21F9 /* interface-10.png */; };
		EC6179BF1DF0B34700AB21F9 /* interface-11.png in Resources */ = {isa = PBXBuildFile; fileRef = EC6179B31DF0B34700AB21F9 /* interface-11.png */; };
		EC6179C01DF0B34700AB21F9 /* interface-12.png in Resources */ = {isa = PBXBuildFile; fileRef = EC6179B41DF0B34700AB21F9 /* interface-12.png */; };
		EC617A441DF0CBA700AB21F9 /* fonty.TXT in Resources */ = {isa = PBXBuildFile; fileRef = EC617A421DF0CBA700AB21F9 /* fonty.TXT */; };
		EC617A451DF0CBA700AB21F9 /* MISTV___.TTF in Resources */ = {isa = PBXBuildFile; fileRef = EC617A431DF0CBA700AB21F9 /* MISTV___.TTF */; };
		EC617A471DF0E1AC00AB21F9 /* masque.png in Resources */ = {isa = PBXBuildFile; fileRef = EC617A461DF0E1AC00AB21F9 /* masque.png */; };
		ECE2E8021DFA1B2E00748E9B /* 001Bulbasaur.png in Resources */ = {isa = PBXBuildFile; fileRef = ECE2E8011DFA1B2E00748E9B /* 001Bulbasaur.png */; };
		ECE2E8041DFA1F6100748E9B /* silouette.png in Resources */ = {isa = PBXBuildFile; fileRef = ECE2E8031DFA1F6100748E9B /* silouette.png */; };
		ECF3A6CF1DE775FF0034885C /* AppDelegate.swift in Sources */ = {isa = PBXBuildFile; fileRef = ECF3A6CE1DE775FF0034885C /* AppDelegate.swift */; };
		ECF3A6D61DE775FF0034885C /* Assets.xcassets in Resources */ = {isa = PBXBuildFile; fileRef = ECF3A6D51DE775FF0034885C /* Assets.xcassets */; };
		ECF3A6E61DE798380034885C /* 1.png in Resources */ = {isa = PBXBuildFile; fileRef = ECF3A6E51DE798380034885C /* 1.png */; };
/* End PBXBuildFile section */

/* Begin PBXFileReference section */
		EC2BF4AB1DF9F485005D37DA /* backgroundPokemon.jpg */ = {isa = PBXFileReference; lastKnownFileType = image.jpeg; path = backgroundPokemon.jpg; sourceTree = "<group>"; };
		EC2BF4AC1DF9F485005D37DA /* backgroundTypes.jpg */ = {isa = PBXFileReference; lastKnownFileType = image.jpeg; path = backgroundTypes.jpg; sourceTree = "<group>"; };
		EC2BF4AD1DF9F485005D37DA /* launchScreen.jpg */ = {isa = PBXFileReference; lastKnownFileType = image.jpeg; path = launchScreen.jpg; sourceTree = "<group>"; };
		EC2BF4B21DF9F48D005D37DA /* pagePokeSection.png */ = {isa = PBXFileReference; lastKnownFileType = image.png; path = pagePokeSection.png; sourceTree = "<group>"; };
		EC2BF4B31DF9F48D005D37DA /* pagePokeTxt.png */ = {isa = PBXFileReference; lastKnownFileType = image.png; path = pagePokeTxt.png; sourceTree = "<group>"; };
		EC2BF4B41DF9F48D005D37DA /* pageTypesSection.png */ = {isa = PBXFileReference; lastKnownFileType = image.png; path = pageTypesSection.png; sourceTree = "<group>"; };
		EC2BF4B91DF9F49C005D37DA /* Pokemon Hollow.ttf */ = {isa = PBXFileReference; lastKnownFileType = file; path = "Pokemon Hollow.ttf"; sourceTree = "<group>"; };
		EC2BF4BA1DF9F49C005D37DA /* Pokemon Solid.ttf */ = {isa = PBXFileReference; lastKnownFileType = file; path = "Pokemon Solid.ttf"; sourceTree = "<group>"; };
		EC2BF4BD1DF9F4BB005D37DA /* Launch Screen.storyboard */ = {isa = PBXFileReference; fileEncoding = 4; lastKnownFileType = file.storyboard; path = "Launch Screen.storyboard"; sourceTree = "<group>"; };
		EC2BF4C01DF9F8CF005D37DA /* type-normal.png */ = {isa = PBXFileReference; lastKnownFileType = image.png; path = "type-normal.png"; sourceTree = "<group>"; };
		EC2BF4C11DF9F8CF005D37DA /* type-fighting.png */ = {isa = PBXFileReference; lastKnownFileType = image.png; path = "type-fighting.png"; sourceTree = "<group>"; };
		EC2BF4C21DF9F8CF005D37DA /* type-flying.png */ = {isa = PBXFileReference; lastKnownFileType = image.png; path = "type-flying.png"; sourceTree = "<group>"; };
		EC2BF4C31DF9F8CF005D37DA /* type-poison.png */ = {isa = PBXFileReference; lastKnownFileType = image.png; path = "type-poison.png"; sourceTree = "<group>"; };
		EC2BF4C41DF9F8CF005D37DA /* type-ground.png */ = {isa = PBXFileReference; lastKnownFileType = image.png; path = "type-ground.png"; sourceTree = "<group>"; };
		EC2BF4C51DF9F8CF005D37DA /* type-rock.png */ = {isa = PBXFileReference; lastKnownFileType = image.png; path = "type-rock.png"; sourceTree = "<group>"; };
		EC2BF4C61DF9F8CF005D37DA /* type-bug.png */ = {isa = PBXFileReference; lastKnownFileType = image.png; path = "type-bug.png"; sourceTree = "<group>"; };
		EC2BF4C71DF9F8CF005D37DA /* type-ghost.png */ = {isa = PBXFileReference; lastKnownFileType = image.png; path = "type-ghost.png"; sourceTree = "<group>"; };
		EC2BF4C81DF9F8CF005D37DA /* type-steel.png */ = {isa = PBXFileReference; lastKnownFileType = image.png; path = "type-steel.png"; sourceTree = "<group>"; };
		EC2BF4C91DF9F8CF005D37DA /* type-fire.png */ = {isa = PBXFileReference; lastKnownFileType = image.png; path = "type-fire.png"; sourceTree = "<group>"; };
		EC2BF4CA1DF9F8CF005D37DA /* type-water.png */ = {isa = PBXFileReference; lastKnownFileType = image.png; path = "type-water.png"; sourceTree = "<group>"; };
		EC2BF4CB1DF9F8CF005D37DA /* type-grass.png */ = {isa = PBXFileReference; lastKnownFileType = image.png; path = "type-grass.png"; sourceTree = "<group>"; };
		EC2BF4CC1DF9F8CF005D37DA /* type-electric.png */ = {isa = PBXFileReference; lastKnownFileType = image.png; path = "type-electric.png"; sourceTree = "<group>"; };
		EC2BF4CD1DF9F8CF005D37DA /* type-psychic.png */ = {isa = PBXFileReference; lastKnownFileType = image.png; path = "type-psychic.png"; sourceTree = "<group>"; };
		EC2BF4CE1DF9F8CF005D37DA /* type-ice.png */ = {isa = PBXFileReference; lastKnownFileType = image.png; path = "type-ice.png"; sourceTree = "<group>"; };
		EC2BF4CF1DF9F8CF005D37DA /* type-dragon.png */ = {isa = PBXFileReference; lastKnownFileType = image.png; path = "type-dragon.png"; sourceTree = "<group>"; };
		EC2BF4D01DF9F8CF005D37DA /* type-dark.png */ = {isa = PBXFileReference; lastKnownFileType = image.png; path = "type-dark.png"; sourceTree = "<group>"; };
		EC2BF4D11DF9F8CF005D37DA /* type-fairy.png */ = {isa = PBXFileReference; lastKnownFileType = image.png; path = "type-fairy.png"; sourceTree = "<group>"; };
		EC2BF4D21DF9F8CF005D37DA /* type-unknown.png */ = {isa = PBXFileReference; lastKnownFileType = image.png; path = "type-unknown.png"; sourceTree = "<group>"; };
		EC2BF4D31DF9F8CF005D37DA /* type-shadow.png */ = {isa = PBXFileReference; lastKnownFileType = image.png; path = "type-shadow.png"; sourceTree = "<group>"; };
		EC2BF4D41DF9F8CF005D37DA /* type-none.png */ = {isa = PBXFileReference; lastKnownFileType = image.png; path = "type-none.png"; sourceTree = "<group>"; };
		EC2BF4EC1DF9F943005D37DA /* typesPage-62.png */ = {isa = PBXFileReference; lastKnownFileType = image.png; path = "typesPage-62.png"; sourceTree = "<group>"; };
		EC2BF4F21DF9FA15005D37DA /* Intro.swift */ = {isa = PBXFileReference; fileEncoding = 4; lastKnownFileType = sourcecode.swift; path = Intro.swift; sourceTree = "<group>"; };
		EC2BF4F61DFA007D005D37DA /* titre_v2.png */ = {isa = PBXFileReference; lastKnownFileType = image.png; path = titre_v2.png; sourceTree = "<group>"; };
		EC2BF4F81DFA03BD005D37DA /* interface-04.png */ = {isa = PBXFileReference; lastKnownFileType = image.png; path = "interface-04.png"; sourceTree = "<group>"; };
		EC2BF4FA1DFA03C3005D37DA /* interface-07.png */ = {isa = PBXFileReference; lastKnownFileType = image.png; path = "interface-07.png"; sourceTree = "<group>"; };
		EC2BF5001DFA07C6005D37DA /* interface-13.png */ = {isa = PBXFileReference; lastKnownFileType = image.png; path = "interface-13.png"; sourceTree = "<group>"; };
		EC2BF5011DFA07C6005D37DA /* interface-14.png */ = {isa = PBXFileReference; lastKnownFileType = image.png; path = "interface-14.png"; sourceTree = "<group>"; };
		EC2BF5041DFA0A81005D37DA /* ViewController.swift */ = {isa = PBXFileReference; fileEncoding = 4; lastKnownFileType = sourcecode.swift; path = ViewController.swift; sourceTree = "<group>"; };
		EC2BF5061DFA0AA4005D37DA /* PokemonTableViewCell.swift */ = {isa = PBXFileReference; fileEncoding = 4; lastKnownFileType = sourcecode.swift; path = PokemonTableViewCell.swift; sourceTree = "<group>"; };
		EC2BF5071DFA0AA4005D37DA /* listeTypeViewController.swift */ = {isa = PBXFileReference; fileEncoding = 4; lastKnownFileType = sourcecode.swift; path = listeTypeViewController.swift; sourceTree = "<group>"; };
		EC2BF5081DFA0AA4005D37DA /* TypeCollectionViewCell.swift */ = {isa = PBXFileReference; fileEncoding = 4; lastKnownFileType = sourcecode.swift; path = TypeCollectionViewCell.swift; sourceTree = "<group>"; };
		EC2BF50C1DFA0BDE005D37DA /* listeType-normal.png */ = {isa = PBXFileReference; lastKnownFileType = image.png; path = "listeType-normal.png"; sourceTree = "<group>"; };
		EC2BF50D1DFA0BDE005D37DA /* listeType-fighting.png */ = {isa = PBXFileReference; lastKnownFileType = image.png; path = "listeType-fighting.png"; sourceTree = "<group>"; };
		EC2BF50E1DFA0BDE005D37DA /* listeType-flying.png */ = {isa = PBXFileReference; lastKnownFileType = image.png; path = "listeType-flying.png"; sourceTree = "<group>"; };
		EC2BF50F1DFA0BDE005D37DA /* listeType-poison.png */ = {isa = PBXFileReference; lastKnownFileType = image.png; path = "listeType-poison.png"; sourceTree = "<group>"; };
		EC2BF5101DFA0BDE005D37DA /* listeType-ground.png */ = {isa = PBXFileReference; lastKnownFileType = image.png; path = "listeType-ground.png"; sourceTree = "<group>"; };
		EC2BF5111DFA0BDE005D37DA /* listeType-rock.png */ = {isa = PBXFileReference; lastKnownFileType = image.png; path = "listeType-rock.png"; sourceTree = "<group>"; };
		EC2BF5121DFA0BDE005D37DA /* listeType-bug.png */ = {isa = PBXFileReference; lastKnownFileType = image.png; path = "listeType-bug.png"; sourceTree = "<group>"; };
		EC2BF5131DFA0BDE005D37DA /* listeType-ghost.png */ = {isa = PBXFileReference; lastKnownFileType = image.png; path = "listeType-ghost.png"; sourceTree = "<group>"; };
		EC2BF5141DFA0BDE005D37DA /* listeType-steel.png */ = {isa = PBXFileReference; lastKnownFileType = image.png; path = "listeType-steel.png"; sourceTree = "<group>"; };
		EC2BF5151DFA0BDE005D37DA /* listeType-fire.png */ = {isa = PBXFileReference; lastKnownFileType = image.png; path = "listeType-fire.png"; sourceTree = "<group>"; };
		EC2BF5161DFA0BDE005D37DA /* listeType-water.png */ = {isa = PBXFileReference; lastKnownFileType = image.png; path = "listeType-water.png"; sourceTree = "<group>"; };
		EC2BF5171DFA0BDE005D37DA /* listeType-grass.png */ = {isa = PBXFileReference; lastKnownFileType = image.png; path = "listeType-grass.png"; sourceTree = "<group>"; };
		EC2BF5181DFA0BDE005D37DA /* listeType-electric.png */ = {isa = PBXFileReference; lastKnownFileType = image.png; path = "listeType-electric.png"; sourceTree = "<group>"; };
		EC2BF5191DFA0BDE005D37DA /* listeType-psychic.png */ = {isa = PBXFileReference; lastKnownFileType = image.png; path = "listeType-psychic.png"; sourceTree = "<group>"; };
		EC2BF51A1DFA0BDE005D37DA /* listeType-ice.png */ = {isa = PBXFileReference; lastKnownFileType = image.png; path = "listeType-ice.png"; sourceTree = "<group>"; };
		EC2BF51B1DFA0BDE005D37DA /* listeType-dragon.png */ = {isa = PBXFileReference; lastKnownFileType = image.png; path = "listeType-dragon.png"; sourceTree = "<group>"; };
		EC2BF51C1DFA0BDE005D37DA /* listeType-dark.png */ = {isa = PBXFileReference; lastKnownFileType = image.png; path = "listeType-dark.png"; sourceTree = "<group>"; };
		EC2BF51D1DFA0BDE005D37DA /* listeType-fairy.png */ = {isa = PBXFileReference; lastKnownFileType = image.png; path = "listeType-fairy.png"; sourceTree = "<group>"; };
		EC2BF51E1DFA0BDE005D37DA /* listeType-unknown.png */ = {isa = PBXFileReference; lastKnownFileType = image.png; path = "listeType-unknown.png"; sourceTree = "<group>"; };
		EC2BF51F1DFA0BDE005D37DA /* listeType-shadow.png */ = {isa = PBXFileReference; lastKnownFileType = image.png; path = "listeType-shadow.png"; sourceTree = "<group>"; };
		EC2BF5341DFA0C91005D37DA /* typesPage-normal.png */ = {isa = PBXFileReference; lastKnownFileType = image.png; path = "typesPage-normal.png"; sourceTree = "<group>"; };
		EC2BF5351DFA0C91005D37DA /* typesPage-fighting.png */ = {isa = PBXFileReference; lastKnownFileType = image.png; path = "typesPage-fighting.png"; sourceTree = "<group>"; };
		EC2BF5361DFA0C91005D37DA /* typesPage-flying.png */ = {isa = PBXFileReference; lastKnownFileType = image.png; path = "typesPage-flying.png"; sourceTree = "<group>"; };
		EC2BF5371DFA0C91005D37DA /* typesPage-poison.png */ = {isa = PBXFileReference; lastKnownFileType = image.png; path = "typesPage-poison.png"; sourceTree = "<group>"; };
		EC2BF5381DFA0C91005D37DA /* typesPage-ground.png */ = {isa = PBXFileReference; lastKnownFileType = image.png; path = "typesPage-ground.png"; sourceTree = "<group>"; };
		EC2BF5391DFA0C91005D37DA /* typesPage-rock.png */ = {isa = PBXFileReference; lastKnownFileType = image.png; path = "typesPage-rock.png"; sourceTree = "<group>"; };
		EC2BF53A1DFA0C91005D37DA /* typesPage-bug.png */ = {isa = PBXFileReference; lastKnownFileType = image.png; path = "typesPage-bug.png"; sourceTree = "<group>"; };
		EC2BF53B1DFA0C91005D37DA /* typesPage-ghost.png */ = {isa = PBXFileReference; lastKnownFileType = image.png; path = "typesPage-ghost.png"; sourceTree = "<group>"; };
		EC2BF53C1DFA0C91005D37DA /* typesPage-steel.png */ = {isa = PBXFileReference; lastKnownFileType = image.png; path = "typesPage-steel.png"; sourceTree = "<group>"; };
		EC2BF53D1DFA0C91005D37DA /* typesPage-fire.png */ = {isa = PBXFileReference; lastKnownFileType = image.png; path = "typesPage-fire.png"; sourceTree = "<group>"; };
		EC2BF53E1DFA0C91005D37DA /* typesPage-water.png */ = {isa = PBXFileReference; lastKnownFileType = image.png; path = "typesPage-water.png"; sourceTree = "<group>"; };
		EC2BF53F1DFA0C91005D37DA /* typesPage-grass.png */ = {isa = PBXFileReference; lastKnownFileType = image.png; path = "typesPage-grass.png"; sourceTree = "<group>"; };
		EC2BF5401DFA0C91005D37DA /* typesPage-electric.png */ = {isa = PBXFileReference; lastKnownFileType = image.png; path = "typesPage-electric.png"; sourceTree = "<group>"; };
		EC2BF5411DFA0C91005D37DA /* typesPage-psychic.png */ = {isa = PBXFileReference; lastKnownFileType = image.png; path = "typesPage-psychic.png"; sourceTree = "<group>"; };
		EC2BF5421DFA0C91005D37DA /* typesPage-ice.png */ = {isa = PBXFileReference; lastKnownFileType = image.png; path = "typesPage-ice.png"; sourceTree = "<group>"; };
		EC2BF5431DFA0C91005D37DA /* typesPage-dragon.png */ = {isa = PBXFileReference; lastKnownFileType = image.png; path = "typesPage-dragon.png"; sourceTree = "<group>"; };
		EC2BF5441DFA0C91005D37DA /* typesPage-dark.png */ = {isa = PBXFileReference; lastKnownFileType = image.png; path = "typesPage-dark.png"; sourceTree = "<group>"; };
		EC2BF5451DFA0C91005D37DA /* typesPage-fairy.png */ = {isa = PBXFileReference; lastKnownFileType = image.png; path = "typesPage-fairy.png"; sourceTree = "<group>"; };
		EC2BF5461DFA0C91005D37DA /* typesPage-unkown.png */ = {isa = PBXFileReference; lastKnownFileType = image.png; path = "typesPage-unkown.png"; sourceTree = "<group>"; };
		EC2BF5471DFA0C91005D37DA /* typesPage-shadow.png */ = {isa = PBXFileReference; lastKnownFileType = image.png; path = "typesPage-shadow.png"; sourceTree = "<group>"; };
		EC5EBA251E01F2B700FED6B3 /* Base */ = {isa = PBXFileReference; lastKnownFileType = file.storyboard; name = Base; path = Base.lproj/Main.storyboard; sourceTree = "<group>"; };
		EC6179A91DF0B34700AB21F9 /* interface-01.png */ = {isa = PBXFileReference; lastKnownFileType = image.png; path = "interface-01.png"; sourceTree = "<group>"; };
		EC6179AA1DF0B34700AB21F9 /* interface-02.png */ = {isa = PBXFileReference; lastKnownFileType = image.png; path = "interface-02.png"; sourceTree = "<group>"; };
		EC6179AB1DF0B34700AB21F9 /* interface-03.png */ = {isa = PBXFileReference; lastKnownFileType = image.png; path = "interface-03.png"; sourceTree = "<group>"; };
		EC6179AD1DF0B34700AB21F9 /* interface-05.png */ = {isa = PBXFileReference; lastKnownFileType = image.png; path = "interface-05.png"; sourceTree = "<group>"; };
		EC6179AE1DF0B34700AB21F9 /* interface-06.png */ = {isa = PBXFileReference; lastKnownFileType = image.png; path = "interface-06.png"; sourceTree = "<group>"; };
		EC6179B01DF0B34700AB21F9 /* interface-08.png */ = {isa = PBXFileReference; lastKnownFileType = image.png; path = "interface-08.png"; sourceTree = "<group>"; };
		EC6179B11DF0B34700AB21F9 /* interface-09.png */ = {isa = PBXFileReference; lastKnownFileType = image.png; path = "interface-09.png"; sourceTree = "<group>"; };
		EC6179B21DF0B34700AB21F9 /* interface-10.png */ = {isa = PBXFileReference; lastKnownFileType = image.png; path = "interface-10.png"; sourceTree = "<group>"; };
		EC6179B31DF0B34700AB21F9 /* interface-11.png */ = {isa = PBXFileReference; lastKnownFileType = image.png; path = "interface-11.png"; sourceTree = "<group>"; };
		EC6179B41DF0B34700AB21F9 /* interface-12.png */ = {isa = PBXFileReference; lastKnownFileType = image.png; path = "interface-12.png"; sourceTree = "<group>"; };
		EC617A421DF0CBA700AB21F9 /* fonty.TXT */ = {isa = PBXFileReference; fileEncoding = 4; lastKnownFileType = text; path = fonty.TXT; sourceTree = "<group>"; };
		EC617A431DF0CBA700AB21F9 /* MISTV___.TTF */ = {isa = PBXFileReference; lastKnownFileType = file; path = "MISTV___.TTF"; sourceTree = "<group>"; };
		EC617A461DF0E1AC00AB21F9 /* masque.png */ = {isa = PBXFileReference; lastKnownFileType = image.png; path = masque.png; sourceTree = "<group>"; };
		ECE2E8011DFA1B2E00748E9B /* 001Bulbasaur.png */ = {isa = PBXFileReference; lastKnownFileType = image.png; path = 001Bulbasaur.png; sourceTree = "<group>"; };
		ECE2E8031DFA1F6100748E9B /* silouette.png */ = {isa = PBXFileReference; lastKnownFileType = image.png; path = silouette.png; sourceTree = "<group>"; };
		ECF3A6CB1DE775FF0034885C /* PokeAPI.app */ = {isa = PBXFileReference; explicitFileType = wrapper.application; includeInIndex = 0; path = PokeAPI.app; sourceTree = BUILT_PRODUCTS_DIR; };
		ECF3A6CE1DE775FF0034885C /* AppDelegate.swift */ = {isa = PBXFileReference; lastKnownFileType = sourcecode.swift; path = AppDelegate.swift; sourceTree = "<group>"; };
		ECF3A6D51DE775FF0034885C /* Assets.xcassets */ = {isa = PBXFileReference; lastKnownFileType = folder.assetcatalog; path = Assets.xcassets; sourceTree = "<group>"; };
		ECF3A6DA1DE775FF0034885C /* Info.plist */ = {isa = PBXFileReference; lastKnownFileType = text.plist.xml; path = Info.plist; sourceTree = "<group>"; };
		ECF3A6E51DE798380034885C /* 1.png */ = {isa = PBXFileReference; lastKnownFileType = image.png; path = 1.png; sourceTree = "<group>"; };
/* End PBXFileReference section */

/* Begin PBXFrameworksBuildPhase section */
		ECF3A6C81DE775FE0034885C /* Frameworks */ = {
			isa = PBXFrameworksBuildPhase;
			buildActionMask = 2147483647;
			files = (
			);
			runOnlyForDeploymentPostprocessing = 0;
		};
/* End PBXFrameworksBuildPhase section */

/* Begin PBXGroup section */
		EC2BF4AA1DF9F485005D37DA /* lesBackgrounds */ = {
			isa = PBXGroup;
			children = (
				EC2BF4AB1DF9F485005D37DA /* backgroundPokemon.jpg */,
				EC2BF4AC1DF9F485005D37DA /* backgroundTypes.jpg */,
				EC2BF4AD1DF9F485005D37DA /* launchScreen.jpg */,
			);
			path = lesBackgrounds;
			sourceTree = "<group>";
		};
		EC2BF4B11DF9F48D005D37DA /* lesSections */ = {
			isa = PBXGroup;
			children = (
				EC2BF4B21DF9F48D005D37DA /* pagePokeSection.png */,
				EC2BF4B31DF9F48D005D37DA /* pagePokeTxt.png */,
				EC2BF4B41DF9F48D005D37DA /* pageTypesSection.png */,
			);
			path = lesSections;
			sourceTree = "<group>";
		};
		EC2BF4B81DF9F49C005D37DA /* pokemon */ = {
			isa = PBXGroup;
			children = (
				EC2BF4B91DF9F49C005D37DA /* Pokemon Hollow.ttf */,
				EC2BF4BA1DF9F49C005D37DA /* Pokemon Solid.ttf */,
			);
			path = pokemon;
			sourceTree = "<group>";
		};
		EC2BF4BF1DF9F8CF005D37DA /* types */ = {
			isa = PBXGroup;
			children = (
				EC2BF4C01DF9F8CF005D37DA /* type-normal.png */,
				EC2BF4C11DF9F8CF005D37DA /* type-fighting.png */,
				EC2BF4C21DF9F8CF005D37DA /* type-flying.png */,
				EC2BF4C31DF9F8CF005D37DA /* type-poison.png */,
				EC2BF4C41DF9F8CF005D37DA /* type-ground.png */,
				EC2BF4C51DF9F8CF005D37DA /* type-rock.png */,
				EC2BF4C61DF9F8CF005D37DA /* type-bug.png */,
				EC2BF4C71DF9F8CF005D37DA /* type-ghost.png */,
				EC2BF4C81DF9F8CF005D37DA /* type-steel.png */,
				EC2BF4C91DF9F8CF005D37DA /* type-fire.png */,
				EC2BF4CA1DF9F8CF005D37DA /* type-water.png */,
				EC2BF4CB1DF9F8CF005D37DA /* type-grass.png */,
				EC2BF4CC1DF9F8CF005D37DA /* type-electric.png */,
				EC2BF4CD1DF9F8CF005D37DA /* type-psychic.png */,
				EC2BF4CE1DF9F8CF005D37DA /* type-ice.png */,
				EC2BF4CF1DF9F8CF005D37DA /* type-dragon.png */,
				EC2BF4D01DF9F8CF005D37DA /* type-dark.png */,
				EC2BF4D11DF9F8CF005D37DA /* type-fairy.png */,
				EC2BF4D21DF9F8CF005D37DA /* type-unknown.png */,
				EC2BF4D31DF9F8CF005D37DA /* type-shadow.png */,
				EC2BF4D41DF9F8CF005D37DA /* type-none.png */,
			);
			path = types;
			sourceTree = "<group>";
		};
		EC6179A71DF0B33800AB21F9 /* images */ = {
			isa = PBXGroup;
			children = (
				EC2BF4F61DFA007D005D37DA /* titre_v2.png */,
				EC2BF4BF1DF9F8CF005D37DA /* types */,
				EC2BF4B11DF9F48D005D37DA /* lesSections */,
				EC2BF4AA1DF9F485005D37DA /* lesBackgrounds */,
				EC617A461DF0E1AC00AB21F9 /* masque.png */,
				EC617A131DF0B36800AB21F9 /* types_pagePoke */,
				EC6179EA1DF0B36000AB21F9 /* types_liste */,
				EC6179A81DF0B34700AB21F9 /* elements_interface */,
			);
			name = images;
			sourceTree = "<group>";
		};
		EC6179A81DF0B34700AB21F9 /* elements_interface */ = {
			isa = PBXGroup;
			children = (
				EC2BF5001DFA07C6005D37DA /* interface-13.png */,
				EC2BF5011DFA07C6005D37DA /* interface-14.png */,
				EC2BF4FA1DFA03C3005D37DA /* interface-07.png */,
				EC2BF4F81DFA03BD005D37DA /* interface-04.png */,
				EC6179A91DF0B34700AB21F9 /* interface-01.png */,
				EC6179AA1DF0B34700AB21F9 /* interface-02.png */,
				EC6179AB1DF0B34700AB21F9 /* interface-03.png */,
				EC6179AD1DF0B34700AB21F9 /* interface-05.png */,
				EC6179AE1DF0B34700AB21F9 /* interface-06.png */,
				EC6179B01DF0B34700AB21F9 /* interface-08.png */,
				EC6179B11DF0B34700AB21F9 /* interface-09.png */,
				EC6179B21DF0B34700AB21F9 /* interface-10.png */,
				EC6179B31DF0B34700AB21F9 /* interface-11.png */,
				EC6179B41DF0B34700AB21F9 /* interface-12.png */,
			);
			path = elements_interface;
			sourceTree = "<group>";
		};
		EC6179EA1DF0B36000AB21F9 /* types_liste */ = {
			isa = PBXGroup;
			children = (
				EC2BF50C1DFA0BDE005D37DA /* listeType-normal.png */,
				EC2BF50D1DFA0BDE005D37DA /* listeType-fighting.png */,
				EC2BF50E1DFA0BDE005D37DA /* listeType-flying.png */,
				EC2BF50F1DFA0BDE005D37DA /* listeType-poison.png */,
				EC2BF5101DFA0BDE005D37DA /* listeType-ground.png */,
				EC2BF5111DFA0BDE005D37DA /* listeType-rock.png */,
				EC2BF5121DFA0BDE005D37DA /* listeType-bug.png */,
				EC2BF5131DFA0BDE005D37DA /* listeType-ghost.png */,
				EC2BF5141DFA0BDE005D37DA /* listeType-steel.png */,
				EC2BF5151DFA0BDE005D37DA /* listeType-fire.png */,
				EC2BF5161DFA0BDE005D37DA /* listeType-water.png */,
				EC2BF5171DFA0BDE005D37DA /* listeType-grass.png */,
				EC2BF5181DFA0BDE005D37DA /* listeType-electric.png */,
				EC2BF5191DFA0BDE005D37DA /* listeType-psychic.png */,
				EC2BF51A1DFA0BDE005D37DA /* listeType-ice.png */,
				EC2BF51B1DFA0BDE005D37DA /* listeType-dragon.png */,
				EC2BF51C1DFA0BDE005D37DA /* listeType-dark.png */,
				EC2BF51D1DFA0BDE005D37DA /* listeType-fairy.png */,
				EC2BF51E1DFA0BDE005D37DA /* listeType-unknown.png */,
				EC2BF51F1DFA0BDE005D37DA /* listeType-shadow.png */,
			);
			path = types_liste;
			sourceTree = "<group>";
		};
		EC617A131DF0B36800AB21F9 /* types_pagePoke */ = {
			isa = PBXGroup;
			children = (
				EC2BF4EC1DF9F943005D37DA /* typesPage-62.png */,
				EC2BF5341DFA0C91005D37DA /* typesPage-normal.png */,
				EC2BF5351DFA0C91005D37DA /* typesPage-fighting.png */,
				EC2BF5361DFA0C91005D37DA /* typesPage-flying.png */,
				EC2BF5371DFA0C91005D37DA /* typesPage-poison.png */,
				EC2BF5381DFA0C91005D37DA /* typesPage-ground.png */,
				EC2BF5391DFA0C91005D37DA /* typesPage-rock.png */,
				EC2BF53A1DFA0C91005D37DA /* typesPage-bug.png */,
				EC2BF53B1DFA0C91005D37DA /* typesPage-ghost.png */,
				EC2BF53C1DFA0C91005D37DA /* typesPage-steel.png */,
				EC2BF53D1DFA0C91005D37DA /* typesPage-fire.png */,
				EC2BF53E1DFA0C91005D37DA /* typesPage-water.png */,
				EC2BF53F1DFA0C91005D37DA /* typesPage-grass.png */,
				EC2BF5401DFA0C91005D37DA /* typesPage-electric.png */,
				EC2BF5411DFA0C91005D37DA /* typesPage-psychic.png */,
				EC2BF5421DFA0C91005D37DA /* typesPage-ice.png */,
				EC2BF5431DFA0C91005D37DA /* typesPage-dragon.png */,
				EC2BF5441DFA0C91005D37DA /* typesPage-dark.png */,
				EC2BF5451DFA0C91005D37DA /* typesPage-fairy.png */,
				EC2BF5461DFA0C91005D37DA /* typesPage-unkown.png */,
				EC2BF5471DFA0C91005D37DA /* typesPage-shadow.png */,
			);
			path = types_pagePoke;
			sourceTree = "<group>";
		};
		EC617A411DF0CBA700AB21F9 /* mister_vampire */ = {
			isa = PBXGroup;
			children = (
				EC617A421DF0CBA700AB21F9 /* fonty.TXT */,
				EC617A431DF0CBA700AB21F9 /* MISTV___.TTF */,
			);
			path = mister_vampire;
			sourceTree = "<group>";
		};
		ECF3A6C21DE775FE0034885C = {
			isa = PBXGroup;
			children = (
				ECF3A6CD1DE775FF0034885C /* PokeAPI */,
				ECF3A6CC1DE775FF0034885C /* Products */,
			);
			sourceTree = "<group>";
		};
		ECF3A6CC1DE775FF0034885C /* Products */ = {
			isa = PBXGroup;
			children = (
				ECF3A6CB1DE775FF0034885C /* PokeAPI.app */,
			);
			name = Products;
			sourceTree = "<group>";
		};
		ECF3A6CD1DE775FF0034885C /* PokeAPI */ = {
			isa = PBXGroup;
			children = (
				ECF3A6E01DE7905E0034885C /* Ressources */,
				ECF3A6CE1DE775FF0034885C /* AppDelegate.swift */,
				EC2BF5041DFA0A81005D37DA /* ViewController.swift */,
				EC2BF4F21DF9FA15005D37DA /* Intro.swift */,
				EC5EBA241E01F2B700FED6B3 /* Main.storyboard */,
				ECF3A6D51DE775FF0034885C /* Assets.xcassets */,
				EC2BF4BD1DF9F4BB005D37DA /* Launch Screen.storyboard */,
				ECF3A6DA1DE775FF0034885C /* Info.plist */,
			);
			path = PokeAPI;
			sourceTree = "<group>";
		};
		ECF3A6E01DE7905E0034885C /* Ressources */ = {
			isa = PBXGroup;
			children = (
				ECF3A6E11DE7906B0034885C /* Classes */,
				EC617A411DF0CBA700AB21F9 /* mister_vampire */,
				EC2BF4B81DF9F49C005D37DA /* pokemon */,
				EC6179A71DF0B33800AB21F9 /* images */,
				ECF3A6E41DE798290034885C /* Test */,
			);
			name = Ressources;
			sourceTree = "<group>";
		};
		ECF3A6E11DE7906B0034885C /* Classes */ = {
			isa = PBXGroup;
			children = (
				EC2BF5061DFA0AA4005D37DA /* PokemonTableViewCell.swift */,
				EC2BF5071DFA0AA4005D37DA /* listeTypeViewController.swift */,
				EC2BF5081DFA0AA4005D37DA /* TypeCollectionViewCell.swift */,
			);
			name = Classes;
			sourceTree = "<group>";
		};
		ECF3A6E41DE798290034885C /* Test */ = {
			isa = PBXGroup;
			children = (
				ECE2E8031DFA1F6100748E9B /* silouette.png */,
				ECE2E8011DFA1B2E00748E9B /* 001Bulbasaur.png */,
				ECF3A6E51DE798380034885C /* 1.png */,
			);
			name = Test;
			sourceTree = "<group>";
		};
/* End PBXGroup section */

/* Begin PBXNativeTarget section */
		ECF3A6CA1DE775FE0034885C /* PokeAPI */ = {
			isa = PBXNativeTarget;
			buildConfigurationList = ECF3A6DD1DE775FF0034885C /* Build configuration list for PBXNativeTarget "PokeAPI" */;
			buildPhases = (
				ECF3A6C71DE775FE0034885C /* Sources */,
				ECF3A6C81DE775FE0034885C /* Frameworks */,
				ECF3A6C91DE775FE0034885C /* Resources */,
			);
			buildRules = (
			);
			dependencies = (
			);
			name = PokeAPI;
			productName = PokeAPI;
			productReference = ECF3A6CB1DE775FF0034885C /* PokeAPI.app */;
			productType = "com.apple.product-type.application";
		};
/* End PBXNativeTarget section */

/* Begin PBXProject section */
		ECF3A6C31DE775FE0034885C /* Project object */ = {
			isa = PBXProject;
			attributes = {
				LastSwiftUpdateCheck = 0800;
				LastUpgradeCheck = 0800;
				ORGANIZATIONNAME = Etudiant;
				TargetAttributes = {
					ECF3A6CA1DE775FE0034885C = {
						CreatedOnToolsVersion = 8.0;
						ProvisioningStyle = Automatic;
					};
				};
			};
			buildConfigurationList = ECF3A6C61DE775FE0034885C /* Build configuration list for PBXProject "PokeAPI" */;
			compatibilityVersion = "Xcode 3.2";
			developmentRegion = English;
			hasScannedForEncodings = 0;
			knownRegions = (
				en,
				Base,
			);
			mainGroup = ECF3A6C21DE775FE0034885C;
			productRefGroup = ECF3A6CC1DE775FF0034885C /* Products */;
			projectDirPath = "";
			projectRoot = "";
			targets = (
				ECF3A6CA1DE775FE0034885C /* PokeAPI */,
			);
		};
/* End PBXProject section */

/* Begin PBXResourcesBuildPhase section */
		ECF3A6C91DE775FE0034885C /* Resources */ = {
			isa = PBXResourcesBuildPhase;
			buildActionMask = 2147483647;
			files = (
				EC2BF5591DFA0C91005D37DA /* typesPage-fairy.png in Resources */,
				EC2BF4DA1DF9F8CF005D37DA /* type-rock.png in Resources */,
				EC2BF5021DFA07C6005D37DA /* interface-13.png in Resources */,
				EC2BF4D91DF9F8CF005D37DA /* type-ground.png in Resources */,
				EC2BF54A1DFA0C91005D37DA /* typesPage-flying.png in Resources */,
				EC2BF5211DFA0BDE005D37DA /* listeType-fighting.png in Resources */,
				EC2BF5221DFA0BDE005D37DA /* listeType-flying.png in Resources */,
				EC2BF54C1DFA0C91005D37DA /* typesPage-ground.png in Resources */,
				EC2BF52C1DFA0BDE005D37DA /* listeType-electric.png in Resources */,
				EC2BF5511DFA0C91005D37DA /* typesPage-fire.png in Resources */,
				ECF3A6E61DE798380034885C /* 1.png in Resources */,
				EC2BF5201DFA0BDE005D37DA /* listeType-normal.png in Resources */,
				ECF3A6D61DE775FF0034885C /* Assets.xcassets in Resources */,
				EC2BF4E81DF9F8CF005D37DA /* type-shadow.png in Resources */,
				EC2BF5291DFA0BDE005D37DA /* listeType-fire.png in Resources */,
				EC5EBA261E01F2B700FED6B3 /* Main.storyboard in Resources */,
				EC2BF4E91DF9F8CF005D37DA /* type-none.png in Resources */,
				EC2BF4D81DF9F8CF005D37DA /* type-poison.png in Resources */,
				EC2BF54E1DFA0C91005D37DA /* typesPage-bug.png in Resources */,
				EC6179B51DF0B34700AB21F9 /* interface-01.png in Resources */,
				EC2BF4D71DF9F8CF005D37DA /* type-flying.png in Resources */,
				EC2BF4DF1DF9F8CF005D37DA /* type-water.png in Resources */,
				EC2BF4E61DF9F8CF005D37DA /* type-fairy.png in Resources */,
				EC6179B61DF0B34700AB21F9 /* interface-02.png in Resources */,
				EC2BF5321DFA0BDE005D37DA /* listeType-unknown.png in Resources */,
				EC2BF52F1DFA0BDE005D37DA /* listeType-dragon.png in Resources */,
				EC2BF5281DFA0BDE005D37DA /* listeType-steel.png in Resources */,
				EC6179B71DF0B34700AB21F9 /* interface-03.png in Resources */,
				EC2BF5271DFA0BDE005D37DA /* listeType-ghost.png in Resources */,
				EC2BF52B1DFA0BDE005D37DA /* listeType-grass.png in Resources */,
				EC2BF5521DFA0C91005D37DA /* typesPage-water.png in Resources */,
				EC2BF4E71DF9F8CF005D37DA /* type-unknown.png in Resources */,
				EC2BF4AE1DF9F485005D37DA /* backgroundPokemon.jpg in Resources */,
				EC2BF5311DFA0BDE005D37DA /* listeType-fairy.png in Resources */,
				EC2BF5301DFA0BDE005D37DA /* listeType-dark.png in Resources */,
				EC617A471DF0E1AC00AB21F9 /* masque.png in Resources */,
				EC2BF4BC1DF9F49C005D37DA /* Pokemon Solid.ttf in Resources */,
				EC2BF4DD1DF9F8CF005D37DA /* type-steel.png in Resources */,
				EC2BF4DE1DF9F8CF005D37DA /* type-fire.png in Resources */,
				EC6179B91DF0B34700AB21F9 /* interface-05.png in Resources */,
				EC2BF5501DFA0C91005D37DA /* typesPage-steel.png in Resources */,
				EC2BF4E31DF9F8CF005D37DA /* type-ice.png in Resources */,
				EC2BF5491DFA0C91005D37DA /* typesPage-fighting.png in Resources */,
				ECE2E8041DFA1F6100748E9B /* silouette.png in Resources */,
				EC2BF52E1DFA0BDE005D37DA /* listeType-ice.png in Resources */,
				EC2BF4DC1DF9F8CF005D37DA /* type-ghost.png in Resources */,
				EC2BF5561DFA0C91005D37DA /* typesPage-ice.png in Resources */,
				EC2BF4F91DFA03BD005D37DA /* interface-04.png in Resources */,
				EC2BF4AF1DF9F485005D37DA /* backgroundTypes.jpg in Resources */,
				EC2BF54F1DFA0C91005D37DA /* typesPage-ghost.png in Resources */,
				EC2BF52A1DFA0BDE005D37DA /* listeType-water.png in Resources */,
				EC617A441DF0CBA700AB21F9 /* fonty.TXT in Resources */,
				EC2BF5571DFA0C91005D37DA /* typesPage-dragon.png in Resources */,
				EC2BF5331DFA0BDE005D37DA /* listeType-shadow.png in Resources */,
				EC2BF55B1DFA0C91005D37DA /* typesPage-shadow.png in Resources */,
				EC2BF5531DFA0C91005D37DA /* typesPage-grass.png in Resources */,
				EC6179BA1DF0B34700AB21F9 /* interface-06.png in Resources */,
				EC617A451DF0CBA700AB21F9 /* MISTV___.TTF in Resources */,
				EC2BF4DB1DF9F8CF005D37DA /* type-bug.png in Resources */,
				EC6179BE1DF0B34700AB21F9 /* interface-10.png in Resources */,
				EC2BF55A1DFA0C91005D37DA /* typesPage-unkown.png in Resources */,
				EC2BF4E51DF9F8CF005D37DA /* type-dark.png in Resources */,
				EC2BF4BE1DF9F4BB005D37DA /* Launch Screen.storyboard in Resources */,
				EC2BF5541DFA0C91005D37DA /* typesPage-electric.png in Resources */,
				EC2BF5261DFA0BDE005D37DA /* listeType-bug.png in Resources */,
				EC2BF54D1DFA0C91005D37DA /* typesPage-rock.png in Resources */,
				EC2BF4E21DF9F8CF005D37DA /* type-psychic.png in Resources */,
				EC2BF4E41DF9F8CF005D37DA /* type-dragon.png in Resources */,
				EC2BF4B61DF9F48D005D37DA /* pagePokeTxt.png in Resources */,
				EC2BF4B71DF9F48D005D37DA /* pageTypesSection.png in Resources */,
				EC2BF4D61DF9F8CF005D37DA /* type-fighting.png in Resources */,
				EC2BF4D51DF9F8CF005D37DA /* type-normal.png in Resources */,
				EC2BF4ED1DF9F943005D37DA /* typesPage-62.png in Resources */,
				EC2BF5551DFA0C91005D37DA /* typesPage-psychic.png in Resources */,
				EC2BF4B51DF9F48D005D37DA /* pagePokeSection.png in Resources */,
				EC2BF4E01DF9F8CF005D37DA /* type-grass.png in Resources */,
				EC2BF4E11DF9F8CF005D37DA /* type-electric.png in Resources */,
				EC2BF5581DFA0C91005D37DA /* typesPage-dark.png in Resources */,
				EC6179BF1DF0B34700AB21F9 /* interface-11.png in Resources */,
				EC2BF4B01DF9F485005D37DA /* launchScreen.jpg in Resources */,
				EC2BF54B1DFA0C91005D37DA /* typesPage-poison.png in Resources */,
				EC2BF5251DFA0BDE005D37DA /* listeType-rock.png in Resources */,
				EC2BF4FB1DFA03C3005D37DA /* interface-07.png in Resources */,
				EC2BF5031DFA07C6005D37DA /* interface-14.png in Resources */,
				EC2BF4BB1DF9F49C005D37DA /* Pokemon Hollow.ttf in Resources */,
				EC6179BC1DF0B34700AB21F9 /* interface-08.png in Resources */,
				EC2BF5231DFA0BDE005D37DA /* listeType-poison.png in Resources */,
				EC6179BD1DF0B34700AB21F9 /* interface-09.png in Resources */,
				EC6179C01DF0B34700AB21F9 /* interface-12.png in Resources */,
				EC2BF4F71DFA007D005D37DA /* titre_v2.png in Resources */,
				EC2BF52D1DFA0BDE005D37DA /* listeType-psychic.png in Resources */,
				EC2BF5241DFA0BDE005D37DA /* listeType-ground.png in Resources */,
				ECE2E8021DFA1B2E00748E9B /* 001Bulbasaur.png in Resources */,
				EC2BF5481DFA0C91005D37DA /* typesPage-normal.png in Resources */,
			);
			runOnlyForDeploymentPostprocessing = 0;
		};
/* End PBXResourcesBuildPhase section */

/* Begin PBXSourcesBuildPhase section */
		ECF3A6C71DE775FE0034885C /* Sources */ = {
			isa = PBXSourcesBuildPhase;
			buildActionMask = 2147483647;
			files = (
				EC2BF4F31DF9FA16005D37DA /* Intro.swift in Sources */,
				EC2BF5091DFA0AA4005D37DA /* PokemonTableViewCell.swift in Sources */,
				EC2BF50B1DFA0AA4005D37DA /* TypeCollectionViewCell.swift in Sources */,
				EC2BF50A1DFA0AA4005D37DA /* listeTypeViewController.swift in Sources */,
				EC2BF5051DFA0A81005D37DA /* ViewController.swift in Sources */,
				ECF3A6CF1DE775FF0034885C /* AppDelegate.swift in Sources */,
			);
			runOnlyForDeploymentPostprocessing = 0;
		};
/* End PBXSourcesBuildPhase section */

/* Begin PBXVariantGroup section */
		EC5EBA241E01F2B700FED6B3 /* Main.storyboard */ = {
			isa = PBXVariantGroup;
			children = (
				EC5EBA251E01F2B700FED6B3 /* Base */,
			);
			name = Main.storyboard;
			sourceTree = "<group>";
		};
/* End PBXVariantGroup section */

/* Begin XCBuildConfiguration section */
		ECF3A6DB1DE775FF0034885C /* Debug */ = {
			isa = XCBuildConfiguration;
			buildSettings = {
				ALWAYS_SEARCH_USER_PATHS = NO;
				CLANG_ANALYZER_NONNULL = YES;
				CLANG_CXX_LANGUAGE_STANDARD = "gnu++0x";
				CLANG_CXX_LIBRARY = "libc++";
				CLANG_ENABLE_MODULES = YES;
				CLANG_ENABLE_OBJC_ARC = YES;
				CLANG_WARN_BOOL_CONVERSION = YES;
				CLANG_WARN_CONSTANT_CONVERSION = YES;
				CLANG_WARN_DIRECT_OBJC_ISA_USAGE = YES_ERROR;
				CLANG_WARN_DOCUMENTATION_COMMENTS = YES;
				CLANG_WARN_EMPTY_BODY = YES;
				CLANG_WARN_ENUM_CONVERSION = YES;
				CLANG_WARN_INFINITE_RECURSION = YES;
				CLANG_WARN_INT_CONVERSION = YES;
				CLANG_WARN_OBJC_ROOT_CLASS = YES_ERROR;
				CLANG_WARN_SUSPICIOUS_MOVES = YES;
				CLANG_WARN_UNREACHABLE_CODE = YES;
				CLANG_WARN__DUPLICATE_METHOD_MATCH = YES;
				"CODE_SIGN_IDENTITY[sdk=iphoneos*]" = "iPhone Developer";
				COPY_PHASE_STRIP = NO;
				DEBUG_INFORMATION_FORMAT = dwarf;
				ENABLE_STRICT_OBJC_MSGSEND = YES;
				ENABLE_TESTABILITY = YES;
				GCC_C_LANGUAGE_STANDARD = gnu99;
				GCC_DYNAMIC_NO_PIC = NO;
				GCC_NO_COMMON_BLOCKS = YES;
				GCC_OPTIMIZATION_LEVEL = 0;
				GCC_PREPROCESSOR_DEFINITIONS = (
					"DEBUG=1",
					"$(inherited)",
				);
				GCC_WARN_64_TO_32_BIT_CONVERSION = YES;
				GCC_WARN_ABOUT_RETURN_TYPE = YES_ERROR;
				GCC_WARN_UNDECLARED_SELECTOR = YES;
				GCC_WARN_UNINITIALIZED_AUTOS = YES_AGGRESSIVE;
				GCC_WARN_UNUSED_FUNCTION = YES;
				GCC_WARN_UNUSED_VARIABLE = YES;
				IPHONEOS_DEPLOYMENT_TARGET = 10.0;
				MTL_ENABLE_DEBUG_INFO = YES;
				ONLY_ACTIVE_ARCH = YES;
				SDKROOT = iphoneos;
				SWIFT_ACTIVE_COMPILATION_CONDITIONS = DEBUG;
				SWIFT_OPTIMIZATION_LEVEL = "-Onone";
				TARGETED_DEVICE_FAMILY = "1,2";
			};
			name = Debug;
		};
		ECF3A6DC1DE775FF0034885C /* Release */ = {
			isa = XCBuildConfiguration;
			buildSettings = {
				ALWAYS_SEARCH_USER_PATHS = NO;
				CLANG_ANALYZER_NONNULL = YES;
				CLANG_CXX_LANGUAGE_STANDARD = "gnu++0x";
				CLANG_CXX_LIBRARY = "libc++";
				CLANG_ENABLE_MODULES = YES;
				CLANG_ENABLE_OBJC_ARC = YES;
				CLANG_WARN_BOOL_CONVERSION = YES;
				CLANG_WARN_CONSTANT_CONVERSION = YES;
				CLANG_WARN_DIRECT_OBJC_ISA_USAGE = YES_ERROR;
				CLANG_WARN_DOCUMENTATION_COMMENTS = YES;
				CLANG_WARN_EMPTY_BODY = YES;
				CLANG_WARN_ENUM_CONVERSION = YES;
				CLANG_WARN_INFINITE_RECURSION = YES;
				CLANG_WARN_INT_CONVERSION = YES;
				CLANG_WARN_OBJC_ROOT_CLASS = YES_ERROR;
				CLANG_WARN_SUSPICIOUS_MOVES = YES;
				CLANG_WARN_UNREACHABLE_CODE = YES;
				CLANG_WARN__DUPLICATE_METHOD_MATCH = YES;
				"CODE_SIGN_IDENTITY[sdk=iphoneos*]" = "iPhone Developer";
				COPY_PHASE_STRIP = NO;
				DEBUG_INFORMATION_FORMAT = "dwarf-with-dsym";
				ENABLE_NS_ASSERTIONS = NO;
				ENABLE_STRICT_OBJC_MSGSEND = YES;
				GCC_C_LANGUAGE_STANDARD = gnu99;
				GCC_NO_COMMON_BLOCKS = YES;
				GCC_WARN_64_TO_32_BIT_CONVERSION = YES;
				GCC_WARN_ABOUT_RETURN_TYPE = YES_ERROR;
				GCC_WARN_UNDECLARED_SELECTOR = YES;
				GCC_WARN_UNINITIALIZED_AUTOS = YES_AGGRESSIVE;
				GCC_WARN_UNUSED_FUNCTION = YES;
				GCC_WARN_UNUSED_VARIABLE = YES;
				IPHONEOS_DEPLOYMENT_TARGET = 10.0;
				MTL_ENABLE_DEBUG_INFO = NO;
				SDKROOT = iphoneos;
				SWIFT_OPTIMIZATION_LEVEL = "-Owholemodule";
				TARGETED_DEVICE_FAMILY = "1,2";
				VALIDATE_PRODUCT = YES;
			};
			name = Release;
		};
		ECF3A6DE1DE775FF0034885C /* Debug */ = {
			isa = XCBuildConfiguration;
			buildSettings = {
				ASSETCATALOG_COMPILER_APPICON_NAME = AppIcon;
				INFOPLIST_FILE = PokeAPI/Info.plist;
				LD_RUNPATH_SEARCH_PATHS = "$(inherited) @executable_path/Frameworks";
				PRODUCT_BUNDLE_IDENTIFIER = ca.qc.cstj.tim.PokeAPI;
				PRODUCT_NAME = "$(TARGET_NAME)";
				SWIFT_VERSION = 3.0;
			};
			name = Debug;
		};
		ECF3A6DF1DE775FF0034885C /* Release */ = {
			isa = XCBuildConfiguration;
			buildSettings = {
				ASSETCATALOG_COMPILER_APPICON_NAME = AppIcon;
				INFOPLIST_FILE = PokeAPI/Info.plist;
				LD_RUNPATH_SEARCH_PATHS = "$(inherited) @executable_path/Frameworks";
				PRODUCT_BUNDLE_IDENTIFIER = ca.qc.cstj.tim.PokeAPI;
				PRODUCT_NAME = "$(TARGET_NAME)";
				SWIFT_VERSION = 3.0;
			};
			name = Release;
		};
/* End XCBuildConfiguration section */

/* Begin XCConfigurationList section */
		ECF3A6C61DE775FE0034885C /* Build configuration list for PBXProject "PokeAPI" */ = {
			isa = XCConfigurationList;
			buildConfigurations = (
				ECF3A6DB1DE775FF0034885C /* Debug */,
				ECF3A6DC1DE775FF0034885C /* Release */,
			);
			defaultConfigurationIsVisible = 0;
			defaultConfigurationName = Release;
		};
		ECF3A6DD1DE775FF0034885C /* Build configuration list for PBXNativeTarget "PokeAPI" */ = {
			isa = XCConfigurationList;
			buildConfigurations = (
				ECF3A6DE1DE775FF0034885C /* Debug */,
				ECF3A6DF1DE775FF0034885C /* Release */,
			);
			defaultConfigurationIsVisible = 0;
			defaultConfigurationName = Release;
		};
/* End XCConfigurationList section */
	};
	rootObject = ECF3A6C31DE775FE0034885C /* Project object */;
}
